
Microsoft Visual Studio Solution File, Format Version 12.00
# Visual Studio Version 17
VisualStudioVersion = 17.11.35327.3
MinimumVisualStudioVersion = 10.0.40219.1
Project("{FAE04EC0-301F-11D3-BF4B-00C04F79EFBC}") = "Task10", "Task10\Task10.csproj", "{BBA30B87-D8C7-4D15-BAFD-42B6B57754D2}"
EndProject
Global
	GlobalSection(SolutionConfigurationPlatforms) = preSolution
		Debug|Any CPU = Debug|Any CPU
		Release|Any CPU = Release|Any CPU
	EndGlobalSection
	GlobalSection(ProjectConfigurationPlatforms) = postSolution
		{BBA30B87-D8C7-4D15-BAFD-42B6B57754D2}.Debug|Any CPU.ActiveCfg = Debug|Any CPU
		{BBA30B87-D8C7-4D15-BAFD-42B6B57754D2}.Debug|Any CPU.Build.0 = Debug|Any CPU
		{BBA30B87-D8C7-4D15-BAFD-42B6B57754D2}.Release|Any CPU.ActiveCfg = Release|Any CPU
		{BBA30B87-D8C7-4D15-BAFD-42B6B57754D2}.Release|Any CPU.Build.0 = Release|Any CPU
	EndGlobalSection
	GlobalSection(SolutionProperties) = preSolution
		HideSolutionNode = FALSE
	EndGlobalSection
	GlobalSection(ExtensibilityGlobals) = postSolution
		SolutionGuid = {CE0517D3-9CF5-4934-8BF6-E8D545433460}
	EndGlobalSection
EndGlobal
